
Microsoft Visual Studio Solution File, Format Version 12.00
# Visual Studio 15
VisualStudioVersion = 15.0.26730.3
MinimumVisualStudioVersion = 10.0.40219.1
Project("{FAE04EC0-301F-11D3-BF4B-00C04F79EFBC}") = "RemoteControlRobot", "RemoteControlRobot\RemoteControlRobot.csproj", "{6B57F170-E481-405F-849B-B5ED8B8F67F9}"
EndProject
Project("{FAE04EC0-301F-11D3-BF4B-00C04F79EFBC}") = "RemoteRobotLib", "RemoteRobot\RemoteRobotLib.csproj", "{E052C113-61A8-4D9C-8A74-CFBC6036E459}"
EndProject
Global
	GlobalSection(SolutionConfigurationPlatforms) = preSolution
		Debug|Any CPU = Debug|Any CPU
		Release|Any CPU = Release|Any CPU
	EndGlobalSection
	GlobalSection(ProjectConfigurationPlatforms) = postSolution
		{6B57F170-E481-405F-849B-B5ED8B8F67F9}.Debug|Any CPU.ActiveCfg = Debug|Any CPU
		{6B57F170-E481-405F-849B-B5ED8B8F67F9}.Debug|Any CPU.Build.0 = Debug|Any CPU
		{6B57F170-E481-405F-849B-B5ED8B8F67F9}.Release|Any CPU.ActiveCfg = Release|Any CPU
		{6B57F170-E481-405F-849B-B5ED8B8F67F9}.Release|Any CPU.Build.0 = Release|Any CPU
		{E052C113-61A8-4D9C-8A74-CFBC6036E459}.Debug|Any CPU.ActiveCfg = Debug|Any CPU
		{E052C113-61A8-4D9C-8A74-CFBC6036E459}.Debug|Any CPU.Build.0 = Debug|Any CPU
		{E052C113-61A8-4D9C-8A74-CFBC6036E459}.Release|Any CPU.ActiveCfg = Release|Any CPU
		{E052C113-61A8-4D9C-8A74-CFBC6036E459}.Release|Any CPU.Build.0 = Release|Any CPU
	EndGlobalSection
	GlobalSection(SolutionProperties) = preSolution
		HideSolutionNode = FALSE
	EndGlobalSection
	GlobalSection(ExtensibilityGlobals) = postSolution
		SolutionGuid = {93779D3C-1C13-4163-BAAC-85F8E977AAD2}
	EndGlobalSection
EndGlobal
